// !$*UTF8*$!
{
	archiveVersion = 1;
	classes = {
	};
	objectVersion = 46;
	objects = {

/* Begin PBXBuildFile section */
		F1372F1E1C574400000D2CAB /* termsViewController.swift in Sources */ = {isa = PBXBuildFile; fileRef = F1372F1D1C574400000D2CAB /* termsViewController.swift */; };
		F170AE5E1C58919F0093EC23 /* Pacifico.ttf in Resources */ = {isa = PBXBuildFile; fileRef = F170AE5D1C58919F0093EC23 /* Pacifico.ttf */; };
		F170AE601C5895A10093EC23 /* ParseSignUpViewController.swift in Sources */ = {isa = PBXBuildFile; fileRef = F170AE5F1C5895A10093EC23 /* ParseSignUpViewController.swift */; };
		F184EA661C55752B0038E1FE /* SettingsViewController.swift in Sources */ = {isa = PBXBuildFile; fileRef = F184EA651C55752B0038E1FE /* SettingsViewController.swift */; };
		F184EA681C557B040038E1FE /* FBSDKCoreKit.framework in Frameworks */ = {isa = PBXBuildFile; fileRef = F184EA671C557B040038E1FE /* FBSDKCoreKit.framework */; };
		F184EA6A1C557B110038E1FE /* FBSDKLoginKit.framework in Frameworks */ = {isa = PBXBuildFile; fileRef = F184EA691C557B110038E1FE /* FBSDKLoginKit.framework */; };
		F184EA6C1C557B1A0038E1FE /* FBSDKShareKit.framework in Frameworks */ = {isa = PBXBuildFile; fileRef = F184EA6B1C557B1A0038E1FE /* FBSDKShareKit.framework */; };
		F18851B01C506E090018590C /* Artwork.swift in Sources */ = {isa = PBXBuildFile; fileRef = F18851AF1C506E090018590C /* Artwork.swift */; };
		F18851B21C5070000018590C /* VCMapView.swift in Sources */ = {isa = PBXBuildFile; fileRef = F18851B11C5070000018590C /* VCMapView.swift */; };
		F18851B41C507A520018590C /* detailViewViewController.swift in Sources */ = {isa = PBXBuildFile; fileRef = F18851B31C507A520018590C /* detailViewViewController.swift */; };
		F18851B71C5089690018590C /* Bolts.framework in Frameworks */ = {isa = PBXBuildFile; fileRef = F18851B51C5089690018590C /* Bolts.framework */; };
		F18851B81C5089690018590C /* Parse.framework in Frameworks */ = {isa = PBXBuildFile; fileRef = F18851B61C5089690018590C /* Parse.framework */; };
		F18851BA1C5089750018590C /* ParseUI.framework in Frameworks */ = {isa = PBXBuildFile; fileRef = F18851B91C5089750018590C /* ParseUI.framework */; };
		F18851BC1C50898F0018590C /* AudioToolbox.framework in Frameworks */ = {isa = PBXBuildFile; fileRef = F18851BB1C50898F0018590C /* AudioToolbox.framework */; };
		F18851BE1C5089970018590C /* CFNetwork.framework in Frameworks */ = {isa = PBXBuildFile; fileRef = F18851BD1C5089970018590C /* CFNetwork.framework */; };
		F18851C01C5089A00018590C /* CoreGraphics.framework in Frameworks */ = {isa = PBXBuildFile; fileRef = F18851BF1C5089A00018590C /* CoreGraphics.framework */; };
		F18851C21C5089A80018590C /* CoreLocation.framework in Frameworks */ = {isa = PBXBuildFile; fileRef = F18851C11C5089A80018590C /* CoreLocation.framework */; };
		F18851C41C5089B00018590C /* QuartzCore.framework in Frameworks */ = {isa = PBXBuildFile; fileRef = F18851C31C5089B00018590C /* QuartzCore.framework */; };
		F18851C61C5089B70018590C /* Security.framework in Frameworks */ = {isa = PBXBuildFile; fileRef = F18851C51C5089B70018590C /* Security.framework */; };
		F18851C81C5089BF0018590C /* StoreKit.framework in Frameworks */ = {isa = PBXBuildFile; fileRef = F18851C71C5089BF0018590C /* StoreKit.framework */; };
		F18851CA1C5089D00018590C /* SystemConfiguration.framework in Frameworks */ = {isa = PBXBuildFile; fileRef = F18851C91C5089D00018590C /* SystemConfiguration.framework */; };
		F18851CC1C508A040018590C /* libz.tbd in Frameworks */ = {isa = PBXBuildFile; fileRef = F18851CB1C508A040018590C /* libz.tbd */; };
		F18851CE1C508A0F0018590C /* libsqlite3.tbd in Frameworks */ = {isa = PBXBuildFile; fileRef = F18851CD1C508A0E0018590C /* libsqlite3.tbd */; };
		F18851D01C509C170018590C /* addEventViewController.swift in Sources */ = {isa = PBXBuildFile; fileRef = F18851CF1C509C170018590C /* addEventViewController.swift */; };
		F18851D21C51285B0018590C /* IMG_2233.JPG in Resources */ = {isa = PBXBuildFile; fileRef = F18851D11C51285B0018590C /* IMG_2233.JPG */; };
		F1B38E251C530E4A00C7BF3A /* HCSStarRatingView.m in Sources */ = {isa = PBXBuildFile; fileRef = F1B38E241C530E4A00C7BF3A /* HCSStarRatingView.m */; };
		F1B38E271C532BD500C7BF3A /* UserRating.swift in Sources */ = {isa = PBXBuildFile; fileRef = F1B38E261C532BD500C7BF3A /* UserRating.swift */; };
		F1B38E2C1C54965E00C7BF3A /* ParseFacebookUtilsV4.framework in Frameworks */ = {isa = PBXBuildFile; fileRef = F1B38E291C54965D00C7BF3A /* ParseFacebookUtilsV4.framework */; };
		F1B38E2D1C54965E00C7BF3A /* ParseTwitterUtils.framework in Frameworks */ = {isa = PBXBuildFile; fileRef = F1B38E2A1C54965D00C7BF3A /* ParseTwitterUtils.framework */; };
		F1C933C01C53042100DE02F9 /* parseLogInViewController.swift in Sources */ = {isa = PBXBuildFile; fileRef = F1C933BF1C53042100DE02F9 /* parseLogInViewController.swift */; };
		F1C9EA581C5594F10078D9FA /* Accounts.framework in Frameworks */ = {isa = PBXBuildFile; fileRef = F1C9EA571C5594F10078D9FA /* Accounts.framework */; };
		F1C9EA5A1C5594F60078D9FA /* Social.framework in Frameworks */ = {isa = PBXBuildFile; fileRef = F1C9EA591C5594F60078D9FA /* Social.framework */; };
		F1C9EA5E1C559C450078D9FA /* 2x.png in Resources */ = {isa = PBXBuildFile; fileRef = F1C9EA5D1C559C450078D9FA /* 2x.png */; };
		F1C9EA601C559C5C0078D9FA /* 3x.png in Resources */ = {isa = PBXBuildFile; fileRef = F1C9EA5F1C559C5C0078D9FA /* 3x.png */; };
		F1CE3F231C50675600F7A149 /* AppDelegate.swift in Sources */ = {isa = PBXBuildFile; fileRef = F1CE3F221C50675600F7A149 /* AppDelegate.swift */; };
		F1CE3F251C50675600F7A149 /* ViewController.swift in Sources */ = {isa = PBXBuildFile; fileRef = F1CE3F241C50675600F7A149 /* ViewController.swift */; };
		F1CE3F281C50675600F7A149 /* Main.storyboard in Resources */ = {isa = PBXBuildFile; fileRef = F1CE3F261C50675600F7A149 /* Main.storyboard */; };
		F1CE3F2A1C50675600F7A149 /* Assets.xcassets in Resources */ = {isa = PBXBuildFile; fileRef = F1CE3F291C50675600F7A149 /* Assets.xcassets */; };
		F1CE3F2D1C50675600F7A149 /* LaunchScreen.storyboard in Resources */ = {isa = PBXBuildFile; fileRef = F1CE3F2B1C50675600F7A149 /* LaunchScreen.storyboard */; };
		F1CE3F381C50675600F7A149 /* Its_LitTests.swift in Sources */ = {isa = PBXBuildFile; fileRef = F1CE3F371C50675600F7A149 /* Its_LitTests.swift */; };
		F1CE3F431C50675600F7A149 /* Its_LitUITests.swift in Sources */ = {isa = PBXBuildFile; fileRef = F1CE3F421C50675600F7A149 /* Its_LitUITests.swift */; };
		F1CE3F511C50677C00F7A149 /* MapKit.framework in Frameworks */ = {isa = PBXBuildFile; fileRef = F1CE3F501C50677C00F7A149 /* MapKit.framework */; };
/* End PBXBuildFile section */

/* Begin PBXContainerItemProxy section */
		F1CE3F341C50675600F7A149 /* PBXContainerItemProxy */ = {
			isa = PBXContainerItemProxy;
			containerPortal = F1CE3F171C50675600F7A149 /* Project object */;
			proxyType = 1;
			remoteGlobalIDString = F1CE3F1E1C50675600F7A149;
			remoteInfo = "Its-Lit";
		};
		F1CE3F3F1C50675600F7A149 /* PBXContainerItemProxy */ = {
			isa = PBXContainerItemProxy;
			containerPortal = F1CE3F171C50675600F7A149 /* Project object */;
			proxyType = 1;
			remoteGlobalIDString = F1CE3F1E1C50675600F7A149;
			remoteInfo = "Its-Lit";
		};
/* End PBXContainerItemProxy section */

/* Begin PBXFileReference section */
		F1372F1D1C574400000D2CAB /* termsViewController.swift */ = {isa = PBXFileReference; fileEncoding = 4; lastKnownFileType = sourcecode.swift; path = termsViewController.swift; sourceTree = "<group>"; };
		F170AE5D1C58919F0093EC23 /* Pacifico.ttf */ = {isa = PBXFileReference; lastKnownFileType = file; path = Pacifico.ttf; sourceTree = "<group>"; };
		F170AE5F1C5895A10093EC23 /* ParseSignUpViewController.swift */ = {isa = PBXFileReference; fileEncoding = 4; lastKnownFileType = sourcecode.swift; name = ParseSignUpViewController.swift; path = ../ParseSignUpViewController.swift; sourceTree = "<group>"; };
		F184EA651C55752B0038E1FE /* SettingsViewController.swift */ = {isa = PBXFileReference; fileEncoding = 4; lastKnownFileType = sourcecode.swift; name = SettingsViewController.swift; path = ../SettingsViewController.swift; sourceTree = "<group>"; };
		F184EA671C557B040038E1FE /* FBSDKCoreKit.framework */ = {isa = PBXFileReference; lastKnownFileType = wrapper.framework; path = FBSDKCoreKit.framework; sourceTree = "<group>"; };
		F184EA691C557B110038E1FE /* FBSDKLoginKit.framework */ = {isa = PBXFileReference; lastKnownFileType = wrapper.framework; path = FBSDKLoginKit.framework; sourceTree = "<group>"; };
		F184EA6B1C557B1A0038E1FE /* FBSDKShareKit.framework */ = {isa = PBXFileReference; lastKnownFileType = wrapper.framework; path = FBSDKShareKit.framework; sourceTree = "<group>"; };
		F18851AF1C506E090018590C /* Artwork.swift */ = {isa = PBXFileReference; fileEncoding = 4; lastKnownFileType = sourcecode.swift; path = Artwork.swift; sourceTree = "<group>"; };
		F18851B11C5070000018590C /* VCMapView.swift */ = {isa = PBXFileReference; fileEncoding = 4; lastKnownFileType = sourcecode.swift; path = VCMapView.swift; sourceTree = "<group>"; };
		F18851B31C507A520018590C /* detailViewViewController.swift */ = {isa = PBXFileReference; fileEncoding = 4; lastKnownFileType = sourcecode.swift; path = detailViewViewController.swift; sourceTree = "<group>"; };
		F18851B51C5089690018590C /* Bolts.framework */ = {isa = PBXFileReference; lastKnownFileType = wrapper.framework; name = Bolts.framework; path = "Its-Lit/Bolts.framework"; sourceTree = "<group>"; };
		F18851B61C5089690018590C /* Parse.framework */ = {isa = PBXFileReference; lastKnownFileType = wrapper.framework; name = Parse.framework; path = "Its-Lit/Parse.framework"; sourceTree = "<group>"; };
		F18851B91C5089750018590C /* ParseUI.framework */ = {isa = PBXFileReference; lastKnownFileType = wrapper.framework; name = ParseUI.framework; path = "Its-Lit/ParseUI.framework"; sourceTree = "<group>"; };
		F18851BB1C50898F0018590C /* AudioToolbox.framework */ = {isa = PBXFileReference; lastKnownFileType = wrapper.framework; name = AudioToolbox.framework; path = System/Library/Frameworks/AudioToolbox.framework; sourceTree = SDKROOT; };
		F18851BD1C5089970018590C /* CFNetwork.framework */ = {isa = PBXFileReference; lastKnownFileType = wrapper.framework; name = CFNetwork.framework; path = System/Library/Frameworks/CFNetwork.framework; sourceTree = SDKROOT; };
		F18851BF1C5089A00018590C /* CoreGraphics.framework */ = {isa = PBXFileReference; lastKnownFileType = wrapper.framework; name = CoreGraphics.framework; path = System/Library/Frameworks/CoreGraphics.framework; sourceTree = SDKROOT; };
		F18851C11C5089A80018590C /* CoreLocation.framework */ = {isa = PBXFileReference; lastKnownFileType = wrapper.framework; name = CoreLocation.framework; path = System/Library/Frameworks/CoreLocation.framework; sourceTree = SDKROOT; };
		F18851C31C5089B00018590C /* QuartzCore.framework */ = {isa = PBXFileReference; lastKnownFileType = wrapper.framework; name = QuartzCore.framework; path = System/Library/Frameworks/QuartzCore.framework; sourceTree = SDKROOT; };
		F18851C51C5089B70018590C /* Security.framework */ = {isa = PBXFileReference; lastKnownFileType = wrapper.framework; name = Security.framework; path = System/Library/Frameworks/Security.framework; sourceTree = SDKROOT; };
		F18851C71C5089BF0018590C /* StoreKit.framework */ = {isa = PBXFileReference; lastKnownFileType = wrapper.framework; name = StoreKit.framework; path = System/Library/Frameworks/StoreKit.framework; sourceTree = SDKROOT; };
		F18851C91C5089D00018590C /* SystemConfiguration.framework */ = {isa = PBXFileReference; lastKnownFileType = wrapper.framework; name = SystemConfiguration.framework; path = System/Library/Frameworks/SystemConfiguration.framework; sourceTree = SDKROOT; };
		F18851CB1C508A040018590C /* libz.tbd */ = {isa = PBXFileReference; lastKnownFileType = "sourcecode.text-based-dylib-definition"; name = libz.tbd; path = usr/lib/libz.tbd; sourceTree = SDKROOT; };
		F18851CD1C508A0E0018590C /* libsqlite3.tbd */ = {isa = PBXFileReference; lastKnownFileType = "sourcecode.text-based-dylib-definition"; name = libsqlite3.tbd; path = usr/lib/libsqlite3.tbd; sourceTree = SDKROOT; };
		F18851CF1C509C170018590C /* addEventViewController.swift */ = {isa = PBXFileReference; fileEncoding = 4; lastKnownFileType = sourcecode.swift; path = addEventViewController.swift; sourceTree = "<group>"; };
		F18851D11C51285B0018590C /* IMG_2233.JPG */ = {isa = PBXFileReference; lastKnownFileType = image.jpeg; path = IMG_2233.JPG; sourceTree = "<group>"; };
		F1B38E241C530E4A00C7BF3A /* HCSStarRatingView.m */ = {isa = PBXFileReference; fileEncoding = 4; lastKnownFileType = sourcecode.c.objc; path = HCSStarRatingView.m; sourceTree = "<group>"; };
		F1B38E261C532BD500C7BF3A /* UserRating.swift */ = {isa = PBXFileReference; fileEncoding = 4; lastKnownFileType = sourcecode.swift; path = UserRating.swift; sourceTree = "<group>"; };
		F1B38E291C54965D00C7BF3A /* ParseFacebookUtilsV4.framework */ = {isa = PBXFileReference; lastKnownFileType = wrapper.framework; path = ParseFacebookUtilsV4.framework; sourceTree = "<group>"; };
		F1B38E2A1C54965D00C7BF3A /* ParseTwitterUtils.framework */ = {isa = PBXFileReference; lastKnownFileType = wrapper.framework; path = ParseTwitterUtils.framework; sourceTree = "<group>"; };
		F1C933BF1C53042100DE02F9 /* parseLogInViewController.swift */ = {isa = PBXFileReference; fileEncoding = 4; lastKnownFileType = sourcecode.swift; path = parseLogInViewController.swift; sourceTree = "<group>"; };
		F1C933C11C530D2B00DE02F9 /* HCSStarRatingView.h */ = {isa = PBXFileReference; lastKnownFileType = sourcecode.c.h; path = HCSStarRatingView.h; sourceTree = "<group>"; };
		F1C933C21C530D5400DE02F9 /* Its-Lit-Bridging-Header.h */ = {isa = PBXFileReference; lastKnownFileType = sourcecode.c.h; path = "Its-Lit-Bridging-Header.h"; sourceTree = "<group>"; };
		F1C9EA571C5594F10078D9FA /* Accounts.framework */ = {isa = PBXFileReference; lastKnownFileType = wrapper.framework; name = Accounts.framework; path = System/Library/Frameworks/Accounts.framework; sourceTree = SDKROOT; };
		F1C9EA591C5594F60078D9FA /* Social.framework */ = {isa = PBXFileReference; lastKnownFileType = wrapper.framework; name = Social.framework; path = System/Library/Frameworks/Social.framework; sourceTree = SDKROOT; };
		F1C9EA5D1C559C450078D9FA /* 2x.png */ = {isa = PBXFileReference; lastKnownFileType = image.png; path = 2x.png; sourceTree = "<group>"; };
		F1C9EA5F1C559C5C0078D9FA /* 3x.png */ = {isa = PBXFileReference; lastKnownFileType = image.png; path = 3x.png; sourceTree = "<group>"; };
		F1CE3F1F1C50675600F7A149 /* Its-Lit.app */ = {isa = PBXFileReference; explicitFileType = wrapper.application; includeInIndex = 0; path = "Its-Lit.app"; sourceTree = BUILT_PRODUCTS_DIR; };
		F1CE3F221C50675600F7A149 /* AppDelegate.swift */ = {isa = PBXFileReference; lastKnownFileType = sourcecode.swift; path = AppDelegate.swift; sourceTree = "<group>"; };
		F1CE3F241C50675600F7A149 /* ViewController.swift */ = {isa = PBXFileReference; lastKnownFileType = sourcecode.swift; path = ViewController.swift; sourceTree = "<group>"; };
		F1CE3F271C50675600F7A149 /* Base */ = {isa = PBXFileReference; lastKnownFileType = file.storyboard; name = Base; path = Base.lproj/Main.storyboard; sourceTree = "<group>"; };
		F1CE3F291C50675600F7A149 /* Assets.xcassets */ = {isa = PBXFileReference; lastKnownFileType = folder.assetcatalog; path = Assets.xcassets; sourceTree = "<group>"; };
		F1CE3F2C1C50675600F7A149 /* Base */ = {isa = PBXFileReference; lastKnownFileType = file.storyboard; name = Base; path = Base.lproj/LaunchScreen.storyboard; sourceTree = "<group>"; };
		F1CE3F2E1C50675600F7A149 /* Info.plist */ = {isa = PBXFileReference; lastKnownFileType = text.plist.xml; path = Info.plist; sourceTree = "<group>"; };
		F1CE3F331C50675600F7A149 /* Its-LitTests.xctest */ = {isa = PBXFileReference; explicitFileType = wrapper.cfbundle; includeInIndex = 0; path = "Its-LitTests.xctest"; sourceTree = BUILT_PRODUCTS_DIR; };
		F1CE3F371C50675600F7A149 /* Its_LitTests.swift */ = {isa = PBXFileReference; lastKnownFileType = sourcecode.swift; path = Its_LitTests.swift; sourceTree = "<group>"; };
		F1CE3F391C50675600F7A149 /* Info.plist */ = {isa = PBXFileReference; lastKnownFileType = text.plist.xml; path = Info.plist; sourceTree = "<group>"; };
		F1CE3F3E1C50675600F7A149 /* Its-LitUITests.xctest */ = {isa = PBXFileReference; explicitFileType = wrapper.cfbundle; includeInIndex = 0; path = "Its-LitUITests.xctest"; sourceTree = BUILT_PRODUCTS_DIR; };
		F1CE3F421C50675600F7A149 /* Its_LitUITests.swift */ = {isa = PBXFileReference; lastKnownFileType = sourcecode.swift; path = Its_LitUITests.swift; sourceTree = "<group>"; };
		F1CE3F441C50675600F7A149 /* Info.plist */ = {isa = PBXFileReference; lastKnownFileType = text.plist.xml; path = Info.plist; sourceTree = "<group>"; };
		F1CE3F501C50677C00F7A149 /* MapKit.framework */ = {isa = PBXFileReference; lastKnownFileType = wrapper.framework; name = MapKit.framework; path = System/Library/Frameworks/MapKit.framework; sourceTree = SDKROOT; };
/* End PBXFileReference section */

/* Begin PBXFrameworksBuildPhase section */
		F1CE3F1C1C50675600F7A149 /* Frameworks */ = {
			isa = PBXFrameworksBuildPhase;
			buildActionMask = 2147483647;
			files = (
				F1C9EA5A1C5594F60078D9FA /* Social.framework in Frameworks */,
				F1C9EA581C5594F10078D9FA /* Accounts.framework in Frameworks */,
				F18851CE1C508A0F0018590C /* libsqlite3.tbd in Frameworks */,
				F18851CC1C508A040018590C /* libz.tbd in Frameworks */,
				F18851CA1C5089D00018590C /* SystemConfiguration.framework in Frameworks */,
				F18851C81C5089BF0018590C /* StoreKit.framework in Frameworks */,
				F18851C61C5089B70018590C /* Security.framework in Frameworks */,
				F18851C41C5089B00018590C /* QuartzCore.framework in Frameworks */,
				F18851C21C5089A80018590C /* CoreLocation.framework in Frameworks */,
				F184EA681C557B040038E1FE /* FBSDKCoreKit.framework in Frameworks */,
				F18851C01C5089A00018590C /* CoreGraphics.framework in Frameworks */,
				F18851BE1C5089970018590C /* CFNetwork.framework in Frameworks */,
				F1B38E2C1C54965E00C7BF3A /* ParseFacebookUtilsV4.framework in Frameworks */,
				F184EA6C1C557B1A0038E1FE /* FBSDKShareKit.framework in Frameworks */,
				F18851BC1C50898F0018590C /* AudioToolbox.framework in Frameworks */,
				F184EA6A1C557B110038E1FE /* FBSDKLoginKit.framework in Frameworks */,
				F1CE3F511C50677C00F7A149 /* MapKit.framework in Frameworks */,
				F18851B81C5089690018590C /* Parse.framework in Frameworks */,
				F1B38E2D1C54965E00C7BF3A /* ParseTwitterUtils.framework in Frameworks */,
				F18851BA1C5089750018590C /* ParseUI.framework in Frameworks */,
				F18851B71C5089690018590C /* Bolts.framework in Frameworks */,
			);
			runOnlyForDeploymentPostprocessing = 0;
		};
		F1CE3F301C50675600F7A149 /* Frameworks */ = {
			isa = PBXFrameworksBuildPhase;
			buildActionMask = 2147483647;
			files = (
			);
			runOnlyForDeploymentPostprocessing = 0;
		};
		F1CE3F3B1C50675600F7A149 /* Frameworks */ = {
			isa = PBXFrameworksBuildPhase;
			buildActionMask = 2147483647;
			files = (
			);
			runOnlyForDeploymentPostprocessing = 0;
		};
/* End PBXFrameworksBuildPhase section */

/* Begin PBXGroup section */
		F1CE3F161C50675600F7A149 = {
			isa = PBXGroup;
			children = (
				F1C9EA591C5594F60078D9FA /* Social.framework */,
				F1C9EA571C5594F10078D9FA /* Accounts.framework */,
				F18851CD1C508A0E0018590C /* libsqlite3.tbd */,
				F18851CB1C508A040018590C /* libz.tbd */,
				F184EA6B1C557B1A0038E1FE /* FBSDKShareKit.framework */,
				F184EA691C557B110038E1FE /* FBSDKLoginKit.framework */,
				F184EA671C557B040038E1FE /* FBSDKCoreKit.framework */,
				F1B38E291C54965D00C7BF3A /* ParseFacebookUtilsV4.framework */,
				F1B38E2A1C54965D00C7BF3A /* ParseTwitterUtils.framework */,
				F18851B91C5089750018590C /* ParseUI.framework */,
				F18851B51C5089690018590C /* Bolts.framework */,
				F18851B61C5089690018590C /* Parse.framework */,
				F18851C91C5089D00018590C /* SystemConfiguration.framework */,
				F18851C71C5089BF0018590C /* StoreKit.framework */,
				F18851C51C5089B70018590C /* Security.framework */,
				F18851C31C5089B00018590C /* QuartzCore.framework */,
				F18851C11C5089A80018590C /* CoreLocation.framework */,
				F18851BF1C5089A00018590C /* CoreGraphics.framework */,
				F18851BD1C5089970018590C /* CFNetwork.framework */,
				F18851BB1C50898F0018590C /* AudioToolbox.framework */,
				F1CE3F501C50677C00F7A149 /* MapKit.framework */,
				F1CE3F211C50675600F7A149 /* Its-Lit */,
				F1CE3F361C50675600F7A149 /* Its-LitTests */,
				F1CE3F411C50675600F7A149 /* Its-LitUITests */,
				F1CE3F201C50675600F7A149 /* Products */,
			);
			sourceTree = "<group>";
		};
		F1CE3F201C50675600F7A149 /* Products */ = {
			isa = PBXGroup;
			children = (
				F1CE3F1F1C50675600F7A149 /* Its-Lit.app */,
				F1CE3F331C50675600F7A149 /* Its-LitTests.xctest */,
				F1CE3F3E1C50675600F7A149 /* Its-LitUITests.xctest */,
			);
			name = Products;
			sourceTree = "<group>";
		};
		F1CE3F211C50675600F7A149 /* Its-Lit */ = {
			isa = PBXGroup;
			children = (
				F170AE5D1C58919F0093EC23 /* Pacifico.ttf */,
				F1C9EA5D1C559C450078D9FA /* 2x.png */,
				F1C9EA5F1C559C5C0078D9FA /* 3x.png */,
				F18851D11C51285B0018590C /* IMG_2233.JPG */,
				F1CE3F221C50675600F7A149 /* AppDelegate.swift */,
				F1CE3F241C50675600F7A149 /* ViewController.swift */,
				F184EA651C55752B0038E1FE /* SettingsViewController.swift */,
				F18851B31C507A520018590C /* detailViewViewController.swift */,
				F18851CF1C509C170018590C /* addEventViewController.swift */,
				F1C933BF1C53042100DE02F9 /* parseLogInViewController.swift */,
				F170AE5F1C5895A10093EC23 /* ParseSignUpViewController.swift */,
				F1372F1D1C574400000D2CAB /* termsViewController.swift */,
				F1B38E261C532BD500C7BF3A /* UserRating.swift */,
				F18851B11C5070000018590C /* VCMapView.swift */,
				F18851AF1C506E090018590C /* Artwork.swift */,
				F1CE3F261C50675600F7A149 /* Main.storyboard */,
				F1C933C11C530D2B00DE02F9 /* HCSStarRatingView.h */,
				F1B38E241C530E4A00C7BF3A /* HCSStarRatingView.m */,
				F1CE3F291C50675600F7A149 /* Assets.xcassets */,
				F1CE3F2B1C50675600F7A149 /* LaunchScreen.storyboard */,
				F1CE3F2E1C50675600F7A149 /* Info.plist */,
				F1C933C21C530D5400DE02F9 /* Its-Lit-Bridging-Header.h */,
			);
			path = "Its-Lit";
			sourceTree = "<group>";
		};
		F1CE3F361C50675600F7A149 /* Its-LitTests */ = {
			isa = PBXGroup;
			children = (
				F1CE3F371C50675600F7A149 /* Its_LitTests.swift */,
				F1CE3F391C50675600F7A149 /* Info.plist */,
			);
			path = "Its-LitTests";
			sourceTree = "<group>";
		};
		F1CE3F411C50675600F7A149 /* Its-LitUITests */ = {
			isa = PBXGroup;
			children = (
				F1CE3F421C50675600F7A149 /* Its_LitUITests.swift */,
				F1CE3F441C50675600F7A149 /* Info.plist */,
			);
			path = "Its-LitUITests";
			sourceTree = "<group>";
		};
/* End PBXGroup section */

/* Begin PBXNativeTarget section */
		F1CE3F1E1C50675600F7A149 /* Its-Lit */ = {
			isa = PBXNativeTarget;
			buildConfigurationList = F1CE3F471C50675600F7A149 /* Build configuration list for PBXNativeTarget "Its-Lit" */;
			buildPhases = (
				F1CE3F1B1C50675600F7A149 /* Sources */,
				F1CE3F1C1C50675600F7A149 /* Frameworks */,
				F1CE3F1D1C50675600F7A149 /* Resources */,
			);
			buildRules = (
			);
			dependencies = (
			);
			name = "Its-Lit";
			productName = "Its-Lit";
			productReference = F1CE3F1F1C50675600F7A149 /* Its-Lit.app */;
			productType = "com.apple.product-type.application";
		};
		F1CE3F321C50675600F7A149 /* Its-LitTests */ = {
			isa = PBXNativeTarget;
			buildConfigurationList = F1CE3F4A1C50675600F7A149 /* Build configuration list for PBXNativeTarget "Its-LitTests" */;
			buildPhases = (
				F1CE3F2F1C50675600F7A149 /* Sources */,
				F1CE3F301C50675600F7A149 /* Frameworks */,
				F1CE3F311C50675600F7A149 /* Resources */,
			);
			buildRules = (
			);
			dependencies = (
				F1CE3F351C50675600F7A149 /* PBXTargetDependency */,
			);
			name = "Its-LitTests";
			productName = "Its-LitTests";
			productReference = F1CE3F331C50675600F7A149 /* Its-LitTests.xctest */;
			productType = "com.apple.product-type.bundle.unit-test";
		};
		F1CE3F3D1C50675600F7A149 /* Its-LitUITests */ = {
			isa = PBXNativeTarget;
			buildConfigurationList = F1CE3F4D1C50675600F7A149 /* Build configuration list for PBXNativeTarget "Its-LitUITests" */;
			buildPhases = (
				F1CE3F3A1C50675600F7A149 /* Sources */,
				F1CE3F3B1C50675600F7A149 /* Frameworks */,
				F1CE3F3C1C50675600F7A149 /* Resources */,
			);
			buildRules = (
			);
			dependencies = (
				F1CE3F401C50675600F7A149 /* PBXTargetDependency */,
			);
			name = "Its-LitUITests";
			productName = "Its-LitUITests";
			productReference = F1CE3F3E1C50675600F7A149 /* Its-LitUITests.xctest */;
			productType = "com.apple.product-type.bundle.ui-testing";
		};
/* End PBXNativeTarget section */

/* Begin PBXProject section */
		F1CE3F171C50675600F7A149 /* Project object */ = {
			isa = PBXProject;
			attributes = {
				LastSwiftUpdateCheck = 0720;
				LastUpgradeCheck = 0720;
				ORGANIZATIONNAME = "David Mattia";
				TargetAttributes = {
					F1CE3F1E1C50675600F7A149 = {
						CreatedOnToolsVersion = 7.2;
						SystemCapabilities = {
							com.apple.Maps.iOS = {
								enabled = 1;
							};
						};
					};
					F1CE3F321C50675600F7A149 = {
						CreatedOnToolsVersion = 7.2;
						TestTargetID = F1CE3F1E1C50675600F7A149;
					};
					F1CE3F3D1C50675600F7A149 = {
						CreatedOnToolsVersion = 7.2;
						TestTargetID = F1CE3F1E1C50675600F7A149;
					};
				};
			};
			buildConfigurationList = F1CE3F1A1C50675600F7A149 /* Build configuration list for PBXProject "Its-Lit" */;
			compatibilityVersion = "Xcode 3.2";
			developmentRegion = English;
			hasScannedForEncodings = 0;
			knownRegions = (
				en,
				Base,
			);
			mainGroup = F1CE3F161C50675600F7A149;
			productRefGroup = F1CE3F201C50675600F7A149 /* Products */;
			projectDirPath = "";
			projectRoot = "";
			targets = (
				F1CE3F1E1C50675600F7A149 /* Its-Lit */,
				F1CE3F321C50675600F7A149 /* Its-LitTests */,
				F1CE3F3D1C50675600F7A149 /* Its-LitUITests */,
			);
		};
/* End PBXProject section */

/* Begin PBXResourcesBuildPhase section */
		F1CE3F1D1C50675600F7A149 /* Resources */ = {
			isa = PBXResourcesBuildPhase;
			buildActionMask = 2147483647;
			files = (
				F1CE3F2D1C50675600F7A149 /* LaunchScreen.storyboard in Resources */,
				F18851D21C51285B0018590C /* IMG_2233.JPG in Resources */,
				F1C9EA5E1C559C450078D9FA /* 2x.png in Resources */,
				F1CE3F2A1C50675600F7A149 /* Assets.xcassets in Resources */,
				F170AE5E1C58919F0093EC23 /* Pacifico.ttf in Resources */,
				F1C9EA601C559C5C0078D9FA /* 3x.png in Resources */,
				F1CE3F281C50675600F7A149 /* Main.storyboard in Resources */,
			);
			runOnlyForDeploymentPostprocessing = 0;
		};
		F1CE3F311C50675600F7A149 /* Resources */ = {
			isa = PBXResourcesBuildPhase;
			buildActionMask = 2147483647;
			files = (
			);
			runOnlyForDeploymentPostprocessing = 0;
		};
		F1CE3F3C1C50675600F7A149 /* Resources */ = {
			isa = PBXResourcesBuildPhase;
			buildActionMask = 2147483647;
			files = (
			);
			runOnlyForDeploymentPostprocessing = 0;
		};
/* End PBXResourcesBuildPhase section */

/* Begin PBXSourcesBuildPhase section */
		F1CE3F1B1C50675600F7A149 /* Sources */ = {
			isa = PBXSourcesBuildPhase;
			buildActionMask = 2147483647;
			files = (
				F18851B41C507A520018590C /* detailViewViewController.swift in Sources */,
				F18851B21C5070000018590C /* VCMapView.swift in Sources */,
				F1372F1E1C574400000D2CAB /* termsViewController.swift in Sources */,
				F1CE3F251C50675600F7A149 /* ViewController.swift in Sources */,
				F184EA661C55752B0038E1FE /* SettingsViewController.swift in Sources */,
				F18851B01C506E090018590C /* Artwork.swift in Sources */,
				F170AE601C5895A10093EC23 /* ParseSignUpViewController.swift in Sources */,
				F1CE3F231C50675600F7A149 /* AppDelegate.swift in Sources */,
				F1C933C01C53042100DE02F9 /* parseLogInViewController.swift in Sources */,
				F1B38E271C532BD500C7BF3A /* UserRating.swift in Sources */,
				F1B38E251C530E4A00C7BF3A /* HCSStarRatingView.m in Sources */,
				F18851D01C509C170018590C /* addEventViewController.swift in Sources */,
			);
			runOnlyForDeploymentPostprocessing = 0;
		};
		F1CE3F2F1C50675600F7A149 /* Sources */ = {
			isa = PBXSourcesBuildPhase;
			buildActionMask = 2147483647;
			files = (
				F1CE3F381C50675600F7A149 /* Its_LitTests.swift in Sources */,
			);
			runOnlyForDeploymentPostprocessing = 0;
		};
		F1CE3F3A1C50675600F7A149 /* Sources */ = {
			isa = PBXSourcesBuildPhase;
			buildActionMask = 2147483647;
			files = (
				F1CE3F431C50675600F7A149 /* Its_LitUITests.swift in Sources */,
			);
			runOnlyForDeploymentPostprocessing = 0;
		};
/* End PBXSourcesBuildPhase section */

/* Begin PBXTargetDependency section */
		F1CE3F351C50675600F7A149 /* PBXTargetDependency */ = {
			isa = PBXTargetDependency;
			target = F1CE3F1E1C50675600F7A149 /* Its-Lit */;
			targetProxy = F1CE3F341C50675600F7A149 /* PBXContainerItemProxy */;
		};
		F1CE3F401C50675600F7A149 /* PBXTargetDependency */ = {
			isa = PBXTargetDependency;
			target = F1CE3F1E1C50675600F7A149 /* Its-Lit */;
			targetProxy = F1CE3F3F1C50675600F7A149 /* PBXContainerItemProxy */;
		};
/* End PBXTargetDependency section */

/* Begin PBXVariantGroup section */
		F1CE3F261C50675600F7A149 /* Main.storyboard */ = {
			isa = PBXVariantGroup;
			children = (
				F1CE3F271C50675600F7A149 /* Base */,
			);
			name = Main.storyboard;
			sourceTree = "<group>";
		};
		F1CE3F2B1C50675600F7A149 /* LaunchScreen.storyboard */ = {
			isa = PBXVariantGroup;
			children = (
				F1CE3F2C1C50675600F7A149 /* Base */,
			);
			name = LaunchScreen.storyboard;
			sourceTree = "<group>";
		};
/* End PBXVariantGroup section */

/* Begin XCBuildConfiguration section */
		F1CE3F451C50675600F7A149 /* Debug */ = {
			isa = XCBuildConfiguration;
			buildSettings = {
				ALWAYS_SEARCH_USER_PATHS = NO;
				CLANG_CXX_LANGUAGE_STANDARD = "gnu++0x";
				CLANG_CXX_LIBRARY = "libc++";
				CLANG_ENABLE_MODULES = YES;
				CLANG_ENABLE_OBJC_ARC = YES;
				CLANG_WARN_BOOL_CONVERSION = YES;
				CLANG_WARN_CONSTANT_CONVERSION = YES;
				CLANG_WARN_DIRECT_OBJC_ISA_USAGE = YES_ERROR;
				CLANG_WARN_EMPTY_BODY = YES;
				CLANG_WARN_ENUM_CONVERSION = YES;
				CLANG_WARN_INT_CONVERSION = YES;
				CLANG_WARN_OBJC_ROOT_CLASS = YES_ERROR;
				CLANG_WARN_UNREACHABLE_CODE = YES;
				CLANG_WARN__DUPLICATE_METHOD_MATCH = YES;
				"CODE_SIGN_IDENTITY[sdk=iphoneos*]" = "iPhone Developer";
				COPY_PHASE_STRIP = NO;
				DEBUG_INFORMATION_FORMAT = dwarf;
				ENABLE_STRICT_OBJC_MSGSEND = YES;
				ENABLE_TESTABILITY = YES;
				GCC_C_LANGUAGE_STANDARD = gnu99;
				GCC_DYNAMIC_NO_PIC = NO;
				GCC_NO_COMMON_BLOCKS = YES;
				GCC_OPTIMIZATION_LEVEL = 0;
				GCC_PREPROCESSOR_DEFINITIONS = (
					"DEBUG=1",
					"$(inherited)",
				);
				GCC_WARN_64_TO_32_BIT_CONVERSION = YES;
				GCC_WARN_ABOUT_RETURN_TYPE = YES_ERROR;
				GCC_WARN_UNDECLARED_SELECTOR = YES;
				GCC_WARN_UNINITIALIZED_AUTOS = YES_AGGRESSIVE;
				GCC_WARN_UNUSED_FUNCTION = YES;
				GCC_WARN_UNUSED_VARIABLE = YES;
				IPHONEOS_DEPLOYMENT_TARGET = 9.2;
				MTL_ENABLE_DEBUG_INFO = YES;
				ONLY_ACTIVE_ARCH = YES;
				SDKROOT = iphoneos;
				SWIFT_OPTIMIZATION_LEVEL = "-Onone";
			};
			name = Debug;
		};
		F1CE3F461C50675600F7A149 /* Release */ = {
			isa = XCBuildConfiguration;
			buildSettings = {
				ALWAYS_SEARCH_USER_PATHS = NO;
				CLANG_CXX_LANGUAGE_STANDARD = "gnu++0x";
				CLANG_CXX_LIBRARY = "libc++";
				CLANG_ENABLE_MODULES = YES;
				CLANG_ENABLE_OBJC_ARC = YES;
				CLANG_WARN_BOOL_CONVERSION = YES;
				CLANG_WARN_CONSTANT_CONVERSION = YES;
				CLANG_WARN_DIRECT_OBJC_ISA_USAGE = YES_ERROR;
				CLANG_WARN_EMPTY_BODY = YES;
				CLANG_WARN_ENUM_CONVERSION = YES;
				CLANG_WARN_INT_CONVERSION = YES;
				CLANG_WARN_OBJC_ROOT_CLASS = YES_ERROR;
				CLANG_WARN_UNREACHABLE_CODE = YES;
				CLANG_WARN__DUPLICATE_METHOD_MATCH = YES;
				"CODE_SIGN_IDENTITY[sdk=iphoneos*]" = "iPhone Developer";
				COPY_PHASE_STRIP = NO;
				DEBUG_INFORMATION_FORMAT = "dwarf-with-dsym";
				ENABLE_NS_ASSERTIONS = NO;
				ENABLE_STRICT_OBJC_MSGSEND = YES;
				GCC_C_LANGUAGE_STANDARD = gnu99;
				GCC_NO_COMMON_BLOCKS = YES;
				GCC_WARN_64_TO_32_BIT_CONVERSION = YES;
				GCC_WARN_ABOUT_RETURN_TYPE = YES_ERROR;
				GCC_WARN_UNDECLARED_SELECTOR = YES;
				GCC_WARN_UNINITIALIZED_AUTOS = YES_AGGRESSIVE;
				GCC_WARN_UNUSED_FUNCTION = YES;
				GCC_WARN_UNUSED_VARIABLE = YES;
				IPHONEOS_DEPLOYMENT_TARGET = 9.2;
				MTL_ENABLE_DEBUG_INFO = NO;
				SDKROOT = iphoneos;
				VALIDATE_PRODUCT = YES;
			};
			name = Release;
		};
		F1CE3F481C50675600F7A149 /* Debug */ = {
			isa = XCBuildConfiguration;
			buildSettings = {
				ASSETCATALOG_COMPILER_APPICON_NAME = AppIcon;
				CLANG_ENABLE_MODULES = YES;
				FRAMEWORK_SEARCH_PATHS = (
					"$(inherited)",
					"$(PROJECT_DIR)/Its-Lit",
					"$(PROJECT_DIR)",
				);
				INFOPLIST_FILE = "Its-Lit/Info.plist";
				IPHONEOS_DEPLOYMENT_TARGET = 9.0;
				LD_RUNPATH_SEARCH_PATHS = "$(inherited) @executable_path/Frameworks";
				PRODUCT_BUNDLE_IDENTIFIER = "com.David-mattia.Its-Lit";
				PRODUCT_NAME = "$(TARGET_NAME)";
				SWIFT_OBJC_BRIDGING_HEADER = "Its-Lit/Its-Lit-Bridging-Header.h";
				SWIFT_OPTIMIZATION_LEVEL = "-Onone";
			};
			name = Debug;
		};
		F1CE3F491C50675600F7A149 /* Release */ = {
			isa = XCBuildConfiguration;
			buildSettings = {
				ASSETCATALOG_COMPILER_APPICON_NAME = AppIcon;
				CLANG_ENABLE_MODULES = YES;
				FRAMEWORK_SEARCH_PATHS = (
					"$(inherited)",
					"$(PROJECT_DIR)/Its-Lit",
					"$(PROJECT_DIR)",
				);
				INFOPLIST_FILE = "Its-Lit/Info.plist";
				IPHONEOS_DEPLOYMENT_TARGET = 9.0;
				LD_RUNPATH_SEARCH_PATHS = "$(inherited) @executable_path/Frameworks";
				PRODUCT_BUNDLE_IDENTIFIER = "com.David-mattia.Its-Lit";
				PRODUCT_NAME = "$(TARGET_NAME)";
				SWIFT_OBJC_BRIDGING_HEADER = "Its-Lit/Its-Lit-Bridging-Header.h";
			};
			name = Release;
		};
		F1CE3F4B1C50675600F7A149 /* Debug */ = {
			isa = XCBuildConfiguration;
			buildSettings = {
				BUNDLE_LOADER = "$(TEST_HOST)";
				INFOPLIST_FILE = "Its-LitTests/Info.plist";
				LD_RUNPATH_SEARCH_PATHS = "$(inherited) @executable_path/Frameworks @loader_path/Frameworks";
				PRODUCT_BUNDLE_IDENTIFIER = "com.David-mattia.Its-LitTests";
				PRODUCT_NAME = "$(TARGET_NAME)";
				TEST_HOST = "$(BUILT_PRODUCTS_DIR)/Its-Lit.app/Its-Lit";
			};
			name = Debug;
		};
		F1CE3F4C1C50675600F7A149 /* Release */ = {
			isa = XCBuildConfiguration;
			buildSettings = {
				BUNDLE_LOADER = "$(TEST_HOST)";
				INFOPLIST_FILE = "Its-LitTests/Info.plist";
				LD_RUNPATH_SEARCH_PATHS = "$(inherited) @executable_path/Frameworks @loader_path/Frameworks";
				PRODUCT_BUNDLE_IDENTIFIER = "com.David-mattia.Its-LitTests";
				PRODUCT_NAME = "$(TARGET_NAME)";
				TEST_HOST = "$(BUILT_PRODUCTS_DIR)/Its-Lit.app/Its-Lit";
			};
			name = Release;
		};
		F1CE3F4E1C50675600F7A149 /* Debug */ = {
			isa = XCBuildConfiguration;
			buildSettings = {
				INFOPLIST_FILE = "Its-LitUITests/Info.plist";
				LD_RUNPATH_SEARCH_PATHS = "$(inherited) @executable_path/Frameworks @loader_path/Frameworks";
				PRODUCT_BUNDLE_IDENTIFIER = "com.David-mattia.Its-LitUITests";
				PRODUCT_NAME = "$(TARGET_NAME)";
				TEST_TARGET_NAME = "Its-Lit";
				USES_XCTRUNNER = YES;
			};
			name = Debug;
		};
		F1CE3F4F1C50675600F7A149 /* Release */ = {
			isa = XCBuildConfiguration;
			buildSettings = {
				INFOPLIST_FILE = "Its-LitUITests/Info.plist";
				LD_RUNPATH_SEARCH_PATHS = "$(inherited) @executable_path/Frameworks @loader_path/Frameworks";
				PRODUCT_BUNDLE_IDENTIFIER = "com.David-mattia.Its-LitUITests";
				PRODUCT_NAME = "$(TARGET_NAME)";
				TEST_TARGET_NAME = "Its-Lit";
				USES_XCTRUNNER = YES;
			};
			name = Release;
		};
/* End XCBuildConfiguration section */

/* Begin XCConfigurationList section */
		F1CE3F1A1C50675600F7A149 /* Build configuration list for PBXProject "Its-Lit" */ = {
			isa = XCConfigurationList;
			buildConfigurations = (
				F1CE3F451C50675600F7A149 /* Debug */,
				F1CE3F461C50675600F7A149 /* Release */,
			);
			defaultConfigurationIsVisible = 0;
			defaultConfigurationName = Release;
		};
		F1CE3F471C50675600F7A149 /* Build configuration list for PBXNativeTarget "Its-Lit" */ = {
			isa = XCConfigurationList;
			buildConfigurations = (
				F1CE3F481C50675600F7A149 /* Debug */,
				F1CE3F491C50675600F7A149 /* Release */,
			);
			defaultConfigurationIsVisible = 0;
			defaultConfigurationName = Release;
		};
		F1CE3F4A1C50675600F7A149 /* Build configuration list for PBXNativeTarget "Its-LitTests" */ = {
			isa = XCConfigurationList;
			buildConfigurations = (
				F1CE3F4B1C50675600F7A149 /* Debug */,
				F1CE3F4C1C50675600F7A149 /* Release */,
			);
			defaultConfigurationIsVisible = 0;
			defaultConfigurationName = Release;
		};
		F1CE3F4D1C50675600F7A149 /* Build configuration list for PBXNativeTarget "Its-LitUITests" */ = {
			isa = XCConfigurationList;
			buildConfigurations = (
				F1CE3F4E1C50675600F7A149 /* Debug */,
				F1CE3F4F1C50675600F7A149 /* Release */,
			);
			defaultConfigurationIsVisible = 0;
			defaultConfigurationName = Release;
		};
/* End XCConfigurationList section */
	};
	rootObject = F1CE3F171C50675600F7A149 /* Project object */;
}
